
Microsoft Visual Studio Solution File, Format Version 11.00
# Visual Studio 2010
Project("{54435603-DBB4-11D2-8724-00A0C9A8B90C}") = "GemFireXDODBCDriverInstaller", "GemFireXDODBCDriverInstaller\GemFireXDODBCDriverInstaller.vdproj", "{07BC22E8-9EB4-4C04-88B0-9C68A05AE951}"
	ProjectSection(ProjectDependencies) = postProject
		{D8DE6723-6A7F-40FB-B497-DB4ADA630854} = {D8DE6723-6A7F-40FB-B497-DB4ADA630854}
		{F72EF0F6-53C9-4233-9297-A7106D70405A} = {F72EF0F6-53C9-4233-9297-A7106D70405A}
	EndProjectSection
EndProject
Project("{FAE04EC0-301F-11D3-BF4B-00C04F79EFBC}") = "install", "install\install.csproj", "{F72EF0F6-53C9-4233-9297-A7106D70405A}"
	ProjectSection(ProjectDependencies) = postProject
		{D8DE6723-6A7F-40FB-B497-DB4ADA630854} = {D8DE6723-6A7F-40FB-B497-DB4ADA630854}
	EndProjectSection
EndProject
Project("{8BC9CEB8-8B4A-11D0-8D11-00A0C91BC942}") = "gemfirexdodbcSetup", "gemfirexdodbcSetup\gemfirexdodbcSetup.vcxproj", "{D8DE6723-6A7F-40FB-B497-DB4ADA630854}"
EndProject
Project("{8BC9CEB8-8B4A-11D0-8D11-00A0C91BC942}") = "odbc-installer", "odbc-installer\odbc-installer.vcxproj", "{6AECE0C2-C782-470C-B3A0-F0A64C791C2B}"
	ProjectSection(ProjectDependencies) = postProject
		{D8DE6723-6A7F-40FB-B497-DB4ADA630854} = {D8DE6723-6A7F-40FB-B497-DB4ADA630854}
	EndProjectSection
EndProject
Project("{FAE04EC0-301F-11D3-BF4B-00C04F79EFBC}") = "CustomActionOdbcDriver", "CustomActionOdbcDriver\CustomActionOdbcDriver.csproj", "{B214E044-0785-40AA-9D19-3ECC59270249}"
EndProject
Global
	GlobalSection(SolutionConfigurationPlatforms) = preSolution
		Debug|Any CPU = Debug|Any CPU
		Debug|Mixed Platforms = Debug|Mixed Platforms
		Debug|Win32 = Debug|Win32
		Debug|x64 = Debug|x64
		Debug|x86 = Debug|x86
		Release|Any CPU = Release|Any CPU
		Release|Mixed Platforms = Release|Mixed Platforms
		Release|Win32 = Release|Win32
		Release|x64 = Release|x64
		Release|x86 = Release|x86
	EndGlobalSection
	GlobalSection(ProjectConfigurationPlatforms) = postSolution
		{07BC22E8-9EB4-4C04-88B0-9C68A05AE951}.Debug|Any CPU.ActiveCfg = Debug
		{07BC22E8-9EB4-4C04-88B0-9C68A05AE951}.Debug|Any CPU.Build.0 = Debug
		{07BC22E8-9EB4-4C04-88B0-9C68A05AE951}.Debug|Mixed Platforms.ActiveCfg = Debug
		{07BC22E8-9EB4-4C04-88B0-9C68A05AE951}.Debug|Mixed Platforms.Build.0 = Debug
		{07BC22E8-9EB4-4C04-88B0-9C68A05AE951}.Debug|Win32.ActiveCfg = Debug
		{07BC22E8-9EB4-4C04-88B0-9C68A05AE951}.Debug|Win32.Build.0 = Debug
		{07BC22E8-9EB4-4C04-88B0-9C68A05AE951}.Debug|x64.ActiveCfg = Debug
		{07BC22E8-9EB4-4C04-88B0-9C68A05AE951}.Debug|x64.Build.0 = Debug
		{07BC22E8-9EB4-4C04-88B0-9C68A05AE951}.Debug|x86.ActiveCfg = Debug
		{07BC22E8-9EB4-4C04-88B0-9C68A05AE951}.Debug|x86.Build.0 = Debug
		{07BC22E8-9EB4-4C04-88B0-9C68A05AE951}.Release|Any CPU.ActiveCfg = Release
		{07BC22E8-9EB4-4C04-88B0-9C68A05AE951}.Release|Any CPU.Build.0 = Release
		{07BC22E8-9EB4-4C04-88B0-9C68A05AE951}.Release|Mixed Platforms.ActiveCfg = Release
		{07BC22E8-9EB4-4C04-88B0-9C68A05AE951}.Release|Mixed Platforms.Build.0 = Release
		{07BC22E8-9EB4-4C04-88B0-9C68A05AE951}.Release|Win32.ActiveCfg = Release
		{07BC22E8-9EB4-4C04-88B0-9C68A05AE951}.Release|x64.ActiveCfg = Release
		{07BC22E8-9EB4-4C04-88B0-9C68A05AE951}.Release|x86.ActiveCfg = Release
		{07BC22E8-9EB4-4C04-88B0-9C68A05AE951}.Release|x86.Build.0 = Release
		{F72EF0F6-53C9-4233-9297-A7106D70405A}.Debug|Any CPU.ActiveCfg = Debug|Any CPU
		{F72EF0F6-53C9-4233-9297-A7106D70405A}.Debug|Any CPU.Build.0 = Debug|Any CPU
		{F72EF0F6-53C9-4233-9297-A7106D70405A}.Debug|Mixed Platforms.ActiveCfg = Debug|Any CPU
		{F72EF0F6-53C9-4233-9297-A7106D70405A}.Debug|Mixed Platforms.Build.0 = Debug|Any CPU
		{F72EF0F6-53C9-4233-9297-A7106D70405A}.Debug|Win32.ActiveCfg = Debug|Any CPU
		{F72EF0F6-53C9-4233-9297-A7106D70405A}.Debug|x64.ActiveCfg = Debug|Any CPU
		{F72EF0F6-53C9-4233-9297-A7106D70405A}.Debug|x86.ActiveCfg = Debug|Any CPU
		{F72EF0F6-53C9-4233-9297-A7106D70405A}.Release|Any CPU.ActiveCfg = Release|Any CPU
		{F72EF0F6-53C9-4233-9297-A7106D70405A}.Release|Any CPU.Build.0 = Release|Any CPU
		{F72EF0F6-53C9-4233-9297-A7106D70405A}.Release|Mixed Platforms.ActiveCfg = Release|Any CPU
		{F72EF0F6-53C9-4233-9297-A7106D70405A}.Release|Mixed Platforms.Build.0 = Release|Any CPU
		{F72EF0F6-53C9-4233-9297-A7106D70405A}.Release|Win32.ActiveCfg = Release|Any CPU
		{F72EF0F6-53C9-4233-9297-A7106D70405A}.Release|x64.ActiveCfg = Release|Any CPU
		{F72EF0F6-53C9-4233-9297-A7106D70405A}.Release|x86.ActiveCfg = Release|Any CPU
		{D8DE6723-6A7F-40FB-B497-DB4ADA630854}.Debug|Any CPU.ActiveCfg = Debug|Win32
		{D8DE6723-6A7F-40FB-B497-DB4ADA630854}.Debug|Mixed Platforms.ActiveCfg = Debug|Win32
		{D8DE6723-6A7F-40FB-B497-DB4ADA630854}.Debug|Mixed Platforms.Build.0 = Debug|Win32
		{D8DE6723-6A7F-40FB-B497-DB4ADA630854}.Debug|Win32.ActiveCfg = Debug|Win32
		{D8DE6723-6A7F-40FB-B497-DB4ADA630854}.Debug|Win32.Build.0 = Debug|Win32
		{D8DE6723-6A7F-40FB-B497-DB4ADA630854}.Debug|x64.ActiveCfg = Debug|x64
		{D8DE6723-6A7F-40FB-B497-DB4ADA630854}.Debug|x64.Build.0 = Debug|x64
		{D8DE6723-6A7F-40FB-B497-DB4ADA630854}.Debug|x86.ActiveCfg = Debug|x64
		{D8DE6723-6A7F-40FB-B497-DB4ADA630854}.Release|Any CPU.ActiveCfg = Release|Win32
		{D8DE6723-6A7F-40FB-B497-DB4ADA630854}.Release|Mixed Platforms.ActiveCfg = Release|Win32
		{D8DE6723-6A7F-40FB-B497-DB4ADA630854}.Release|Mixed Platforms.Build.0 = Release|Win32
		{D8DE6723-6A7F-40FB-B497-DB4ADA630854}.Release|Win32.ActiveCfg = Release|Win32
		{D8DE6723-6A7F-40FB-B497-DB4ADA630854}.Release|Win32.Build.0 = Release|Win32
		{D8DE6723-6A7F-40FB-B497-DB4ADA630854}.Release|x64.ActiveCfg = Release|x64
		{D8DE6723-6A7F-40FB-B497-DB4ADA630854}.Release|x64.Build.0 = Release|x64
		{D8DE6723-6A7F-40FB-B497-DB4ADA630854}.Release|x86.ActiveCfg = Release|x64
		{6AECE0C2-C782-470C-B3A0-F0A64C791C2B}.Debug|Any CPU.ActiveCfg = Debug|x64
		{6AECE0C2-C782-470C-B3A0-F0A64C791C2B}.Debug|Mixed Platforms.ActiveCfg = Debug|x64
		{6AECE0C2-C782-470C-B3A0-F0A64C791C2B}.Debug|Mixed Platforms.Build.0 = Debug|x64
		{6AECE0C2-C782-470C-B3A0-F0A64C791C2B}.Debug|Win32.ActiveCfg = Debug|Win32
		{6AECE0C2-C782-470C-B3A0-F0A64C791C2B}.Debug|Win32.Build.0 = Debug|Win32
		{6AECE0C2-C782-470C-B3A0-F0A64C791C2B}.Debug|x64.ActiveCfg = Debug|x64
		{6AECE0C2-C782-470C-B3A0-F0A64C791C2B}.Debug|x64.Build.0 = Debug|x64
		{6AECE0C2-C782-470C-B3A0-F0A64C791C2B}.Debug|x86.ActiveCfg = Debug|x64
		{6AECE0C2-C782-470C-B3A0-F0A64C791C2B}.Release|Any CPU.ActiveCfg = Release|x64
		{6AECE0C2-C782-470C-B3A0-F0A64C791C2B}.Release|Mixed Platforms.ActiveCfg = Release|x64
		{6AECE0C2-C782-470C-B3A0-F0A64C791C2B}.Release|Mixed Platforms.Build.0 = Release|x64
		{6AECE0C2-C782-470C-B3A0-F0A64C791C2B}.Release|Win32.ActiveCfg = Release|Win32
		{6AECE0C2-C782-470C-B3A0-F0A64C791C2B}.Release|Win32.Build.0 = Release|Win32
		{6AECE0C2-C782-470C-B3A0-F0A64C791C2B}.Release|x64.ActiveCfg = Release|x64
		{6AECE0C2-C782-470C-B3A0-F0A64C791C2B}.Release|x64.Build.0 = Release|x64
		{6AECE0C2-C782-470C-B3A0-F0A64C791C2B}.Release|x86.ActiveCfg = Release|x64
		{B214E044-0785-40AA-9D19-3ECC59270249}.Debug|Any CPU.ActiveCfg = Debug|x86
		{B214E044-0785-40AA-9D19-3ECC59270249}.Debug|Mixed Platforms.ActiveCfg = Debug|x86
		{B214E044-0785-40AA-9D19-3ECC59270249}.Debug|Mixed Platforms.Build.0 = Debug|x86
		{B214E044-0785-40AA-9D19-3ECC59270249}.Debug|Win32.ActiveCfg = Debug|x86
		{B214E044-0785-40AA-9D19-3ECC59270249}.Debug|x64.ActiveCfg = Debug|x86
		{B214E044-0785-40AA-9D19-3ECC59270249}.Debug|x86.ActiveCfg = Debug|x86
		{B214E044-0785-40AA-9D19-3ECC59270249}.Debug|x86.Build.0 = Debug|x86
		{B214E044-0785-40AA-9D19-3ECC59270249}.Release|Any CPU.ActiveCfg = Release|x86
		{B214E044-0785-40AA-9D19-3ECC59270249}.Release|Mixed Platforms.ActiveCfg = Release|x86
		{B214E044-0785-40AA-9D19-3ECC59270249}.Release|Mixed Platforms.Build.0 = Release|x86
		{B214E044-0785-40AA-9D19-3ECC59270249}.Release|Win32.ActiveCfg = Release|x86
		{B214E044-0785-40AA-9D19-3ECC59270249}.Release|Win32.Build.0 = Release|x86
		{B214E044-0785-40AA-9D19-3ECC59270249}.Release|x64.ActiveCfg = Release|x64
		{B214E044-0785-40AA-9D19-3ECC59270249}.Release|x64.Build.0 = Release|x64
		{B214E044-0785-40AA-9D19-3ECC59270249}.Release|x86.ActiveCfg = Release|x86
		{B214E044-0785-40AA-9D19-3ECC59270249}.Release|x86.Build.0 = Release|x86
	EndGlobalSection
	GlobalSection(SolutionProperties) = preSolution
		HideSolutionNode = FALSE
	EndGlobalSection
EndGlobal
